
Microsoft Visual Studio Solution File, Format Version 12.00
# Visual Studio Version 16
VisualStudioVersion = 16.0.31829.152
MinimumVisualStudioVersion = 10.0.40219.1
Project("{FAE04EC0-301F-11D3-BF4B-00C04F79EFBC}") = "appFalaComigo", "appFalaComigo\appFalaComigo.csproj", "{AAB3A56B-27B6-49C3-94F9-3BC8E5E00581}"
EndProject
Global
	GlobalSection(SolutionConfigurationPlatforms) = preSolution
		Debug|Any CPU = Debug|Any CPU
		Release|Any CPU = Release|Any CPU
	EndGlobalSection
	GlobalSection(ProjectConfigurationPlatforms) = postSolution
		{AAB3A56B-27B6-49C3-94F9-3BC8E5E00581}.Debug|Any CPU.ActiveCfg = Debug|Any CPU
		{AAB3A56B-27B6-49C3-94F9-3BC8E5E00581}.Debug|Any CPU.Build.0 = Debug|Any CPU
		{AAB3A56B-27B6-49C3-94F9-3BC8E5E00581}.Release|Any CPU.ActiveCfg = Release|Any CPU
		{AAB3A56B-27B6-49C3-94F9-3BC8E5E00581}.Release|Any CPU.Build.0 = Release|Any CPU
	EndGlobalSection
	GlobalSection(SolutionProperties) = preSolution
		HideSolutionNode = FALSE
	EndGlobalSection
	GlobalSection(ExtensibilityGlobals) = postSolution
		SolutionGuid = {A7168E49-4259-4EBE-ADF0-E9F961C53CB0}
	EndGlobalSection
EndGlobal
